// !$*UTF8*$!
{
	archiveVersion = 1;
	classes = {
	};
	objectVersion = 48;
	objects = {

/* Begin PBXBuildFile section */
		2801EC632041385300E68903 /* AppDelegate.swift in Sources */ = {isa = PBXBuildFile; fileRef = 2801EC622041385300E68903 /* AppDelegate.swift */; };
		2801EC652041385300E68903 /* ViewController.swift in Sources */ = {isa = PBXBuildFile; fileRef = 2801EC642041385300E68903 /* ViewController.swift */; };
		2801EC682041385300E68903 /* Main.storyboard in Resources */ = {isa = PBXBuildFile; fileRef = 2801EC662041385300E68903 /* Main.storyboard */; };
		2801EC6A2041385300E68903 /* Assets.xcassets in Resources */ = {isa = PBXBuildFile; fileRef = 2801EC692041385300E68903 /* Assets.xcassets */; };
		2801EC6D2041385300E68903 /* LaunchScreen.storyboard in Resources */ = {isa = PBXBuildFile; fileRef = 2801EC6B2041385300E68903 /* LaunchScreen.storyboard */; };
		2801EC782041385300E68903 /* LegalEagleAITests.swift in Sources */ = {isa = PBXBuildFile; fileRef = 2801EC772041385300E68903 /* LegalEagleAITests.swift */; };
		2801EC832041385300E68903 /* LegalEagleAIUITests.swift in Sources */ = {isa = PBXBuildFile; fileRef = 2801EC822041385300E68903 /* LegalEagleAIUITests.swift */; };
		28D26744204240A900CFCBAE /* SearchViewController.swift in Sources */ = {isa = PBXBuildFile; fileRef = 28D26743204240A900CFCBAE /* SearchViewController.swift */; };
		28D26746204240B700CFCBAE /* ResultsViewController.swift in Sources */ = {isa = PBXBuildFile; fileRef = 28D26745204240B700CFCBAE /* ResultsViewController.swift */; };
/* End PBXBuildFile section */

/* Begin PBXContainerItemProxy section */
		2801EC742041385300E68903 /* PBXContainerItemProxy */ = {
			isa = PBXContainerItemProxy;
			containerPortal = 2801EC572041385300E68903 /* Project object */;
			proxyType = 1;
			remoteGlobalIDString = 2801EC5E2041385300E68903;
			remoteInfo = LegalEagleAI;
		};
		2801EC7F2041385300E68903 /* PBXContainerItemProxy */ = {
			isa = PBXContainerItemProxy;
			containerPortal = 2801EC572041385300E68903 /* Project object */;
			proxyType = 1;
			remoteGlobalIDString = 2801EC5E2041385300E68903;
			remoteInfo = LegalEagleAI;
		};
/* End PBXContainerItemProxy section */

/* Begin PBXFileReference section */
		2801EC5F2041385300E68903 /* LegalEagleAI.app */ = {isa = PBXFileReference; explicitFileType = wrapper.application; includeInIndex = 0; path = LegalEagleAI.app; sourceTree = BUILT_PRODUCTS_DIR; };
		2801EC622041385300E68903 /* AppDelegate.swift */ = {isa = PBXFileReference; lastKnownFileType = sourcecode.swift; path = AppDelegate.swift; sourceTree = "<group>"; };
		2801EC642041385300E68903 /* ViewController.swift */ = {isa = PBXFileReference; lastKnownFileType = sourcecode.swift; path = ViewController.swift; sourceTree = "<group>"; };
		2801EC672041385300E68903 /* Base */ = {isa = PBXFileReference; lastKnownFileType = file.storyboard; name = Base; path = Base.lproj/Main.storyboard; sourceTree = "<group>"; };
		2801EC692041385300E68903 /* Assets.xcassets */ = {isa = PBXFileReference; lastKnownFileType = folder.assetcatalog; path = Assets.xcassets; sourceTree = "<group>"; };
		2801EC6C2041385300E68903 /* Base */ = {isa = PBXFileReference; lastKnownFileType = file.storyboard; name = Base; path = Base.lproj/LaunchScreen.storyboard; sourceTree = "<group>"; };
		2801EC6E2041385300E68903 /* Info.plist */ = {isa = PBXFileReference; lastKnownFileType = text.plist.xml; path = Info.plist; sourceTree = "<group>"; };
		2801EC732041385300E68903 /* LegalEagleAITests.xctest */ = {isa = PBXFileReference; explicitFileType = wrapper.cfbundle; includeInIndex = 0; path = LegalEagleAITests.xctest; sourceTree = BUILT_PRODUCTS_DIR; };
		2801EC772041385300E68903 /* LegalEagleAITests.swift */ = {isa = PBXFileReference; lastKnownFileType = sourcecode.swift; path = LegalEagleAITests.swift; sourceTree = "<group>"; };
		2801EC792041385300E68903 /* Info.plist */ = {isa = PBXFileReference; lastKnownFileType = text.plist.xml; path = Info.plist; sourceTree = "<group>"; };
		2801EC7E2041385300E68903 /* LegalEagleAIUITests.xctest */ = {isa = PBXFileReference; explicitFileType = wrapper.cfbundle; includeInIndex = 0; path = LegalEagleAIUITests.xctest; sourceTree = BUILT_PRODUCTS_DIR; };
		2801EC822041385300E68903 /* LegalEagleAIUITests.swift */ = {isa = PBXFileReference; lastKnownFileType = sourcecode.swift; path = LegalEagleAIUITests.swift; sourceTree = "<group>"; };
		2801EC842041385300E68903 /* Info.plist */ = {isa = PBXFileReference; lastKnownFileType = text.plist.xml; path = Info.plist; sourceTree = "<group>"; };
		28D26743204240A900CFCBAE /* SearchViewController.swift */ = {isa = PBXFileReference; lastKnownFileType = sourcecode.swift; path = SearchViewController.swift; sourceTree = "<group>"; };
		28D26745204240B700CFCBAE /* ResultsViewController.swift */ = {isa = PBXFileReference; lastKnownFileType = sourcecode.swift; path = ResultsViewController.swift; sourceTree = "<group>"; };
/* End PBXFileReference section */

/* Begin PBXFrameworksBuildPhase section */
		2801EC5C2041385300E68903 /* Frameworks */ = {
			isa = PBXFrameworksBuildPhase;
			buildActionMask = 2147483647;
			files = (
			);
			runOnlyForDeploymentPostprocessing = 0;
		};
		2801EC702041385300E68903 /* Frameworks */ = {
			isa = PBXFrameworksBuildPhase;
			buildActionMask = 2147483647;
			files = (
			);
			runOnlyForDeploymentPostprocessing = 0;
		};
		2801EC7B2041385300E68903 /* Frameworks */ = {
			isa = PBXFrameworksBuildPhase;
			buildActionMask = 2147483647;
			files = (
			);
			runOnlyForDeploymentPostprocessing = 0;
		};
/* End PBXFrameworksBuildPhase section */

/* Begin PBXGroup section */
		2801EC562041385300E68903 = {
			isa = PBXGroup;
			children = (
				2801EC612041385300E68903 /* LegalEagleAI */,
				2801EC762041385300E68903 /* LegalEagleAITests */,
				2801EC812041385300E68903 /* LegalEagleAIUITests */,
				2801EC602041385300E68903 /* Products */,
			);
			sourceTree = "<group>";
		};
		2801EC602041385300E68903 /* Products */ = {
			isa = PBXGroup;
			children = (
				2801EC5F2041385300E68903 /* LegalEagleAI.app */,
				2801EC732041385300E68903 /* LegalEagleAITests.xctest */,
				2801EC7E2041385300E68903 /* LegalEagleAIUITests.xctest */,
			);
			name = Products;
			sourceTree = "<group>";
		};
		2801EC612041385300E68903 /* LegalEagleAI */ = {
			isa = PBXGroup;
			children = (
				2801EC622041385300E68903 /* AppDelegate.swift */,
				2801EC642041385300E68903 /* ViewController.swift */,
				2801EC662041385300E68903 /* Main.storyboard */,
				28D26743204240A900CFCBAE /* SearchViewController.swift */,
				28D26745204240B700CFCBAE /* ResultsViewController.swift */,
				2801EC692041385300E68903 /* Assets.xcassets */,
				2801EC6B2041385300E68903 /* LaunchScreen.storyboard */,
				2801EC6E2041385300E68903 /* Info.plist */,
			);
			path = LegalEagleAI;
			sourceTree = "<group>";
		};
		2801EC762041385300E68903 /* LegalEagleAITests */ = {
			isa = PBXGroup;
			children = (
				2801EC772041385300E68903 /* LegalEagleAITests.swift */,
				2801EC792041385300E68903 /* Info.plist */,
			);
			path = LegalEagleAITests;
			sourceTree = "<group>";
		};
		2801EC812041385300E68903 /* LegalEagleAIUITests */ = {
			isa = PBXGroup;
			children = (
				2801EC822041385300E68903 /* LegalEagleAIUITests.swift */,
				2801EC842041385300E68903 /* Info.plist */,
			);
			path = LegalEagleAIUITests;
			sourceTree = "<group>";
		};
/* End PBXGroup section */

/* Begin PBXNativeTarget section */
		2801EC5E2041385300E68903 /* LegalEagleAI */ = {
			isa = PBXNativeTarget;
			buildConfigurationList = 2801EC872041385300E68903 /* Build configuration list for PBXNativeTarget "LegalEagleAI" */;
			buildPhases = (
				2801EC5B2041385300E68903 /* Sources */,
				2801EC5C2041385300E68903 /* Frameworks */,
				2801EC5D2041385300E68903 /* Resources */,
			);
			buildRules = (
			);
			dependencies = (
			);
			name = LegalEagleAI;
			productName = LegalEagleAI;
			productReference = 2801EC5F2041385300E68903 /* LegalEagleAI.app */;
			productType = "com.apple.product-type.application";
		};
		2801EC722041385300E68903 /* LegalEagleAITests */ = {
			isa = PBXNativeTarget;
			buildConfigurationList = 2801EC8A2041385300E68903 /* Build configuration list for PBXNativeTarget "LegalEagleAITests" */;
			buildPhases = (
				2801EC6F2041385300E68903 /* Sources */,
				2801EC702041385300E68903 /* Frameworks */,
				2801EC712041385300E68903 /* Resources */,
			);
			buildRules = (
			);
			dependencies = (
				2801EC752041385300E68903 /* PBXTargetDependency */,
			);
			name = LegalEagleAITests;
			productName = LegalEagleAITests;
			productReference = 2801EC732041385300E68903 /* LegalEagleAITests.xctest */;
			productType = "com.apple.product-type.bundle.unit-test";
		};
		2801EC7D2041385300E68903 /* LegalEagleAIUITests */ = {
			isa = PBXNativeTarget;
			buildConfigurationList = 2801EC8D2041385300E68903 /* Build configuration list for PBXNativeTarget "LegalEagleAIUITests" */;
			buildPhases = (
				2801EC7A2041385300E68903 /* Sources */,
				2801EC7B2041385300E68903 /* Frameworks */,
				2801EC7C2041385300E68903 /* Resources */,
			);
			buildRules = (
			);
			dependencies = (
				2801EC802041385300E68903 /* PBXTargetDependency */,
			);
			name = LegalEagleAIUITests;
			productName = LegalEagleAIUITests;
			productReference = 2801EC7E2041385300E68903 /* LegalEagleAIUITests.xctest */;
			productType = "com.apple.product-type.bundle.ui-testing";
		};
/* End PBXNativeTarget section */

/* Begin PBXProject section */
		2801EC572041385300E68903 /* Project object */ = {
			isa = PBXProject;
			attributes = {
				LastSwiftUpdateCheck = 0920;
				LastUpgradeCheck = 0920;
				ORGANIZATIONNAME = "Sophia Huynh";
				TargetAttributes = {
					2801EC5E2041385300E68903 = {
						CreatedOnToolsVersion = 9.2;
						ProvisioningStyle = Automatic;
					};
					2801EC722041385300E68903 = {
						CreatedOnToolsVersion = 9.2;
						ProvisioningStyle = Automatic;
						TestTargetID = 2801EC5E2041385300E68903;
					};
					2801EC7D2041385300E68903 = {
						CreatedOnToolsVersion = 9.2;
						ProvisioningStyle = Automatic;
						TestTargetID = 2801EC5E2041385300E68903;
					};
				};
			};
			buildConfigurationList = 2801EC5A2041385300E68903 /* Build configuration list for PBXProject "LegalEagleAI" */;
			compatibilityVersion = "Xcode 8.0";
			developmentRegion = en;
			hasScannedForEncodings = 0;
			knownRegions = (
				en,
				Base,
			);
			mainGroup = 2801EC562041385300E68903;
			productRefGroup = 2801EC602041385300E68903 /* Products */;
			projectDirPath = "";
			projectRoot = "";
			targets = (
				2801EC5E2041385300E68903 /* LegalEagleAI */,
				2801EC722041385300E68903 /* LegalEagleAITests */,
				2801EC7D2041385300E68903 /* LegalEagleAIUITests */,
			);
		};
/* End PBXProject section */

/* Begin PBXResourcesBuildPhase section */
		2801EC5D2041385300E68903 /* Resources */ = {
			isa = PBXResourcesBuildPhase;
			buildActionMask = 2147483647;
			files = (
				2801EC6D2041385300E68903 /* LaunchScreen.storyboard in Resources */,
				2801EC6A2041385300E68903 /* Assets.xcassets in Resources */,
				2801EC682041385300E68903 /* Main.storyboard in Resources */,
			);
			runOnlyForDeploymentPostprocessing = 0;
		};
		2801EC712041385300E68903 /* Resources */ = {
			isa = PBXResourcesBuildPhase;
			buildActionMask = 2147483647;
			files = (
			);
			runOnlyForDeploymentPostprocessing = 0;
		};
		2801EC7C2041385300E68903 /* Resources */ = {
			isa = PBXResourcesBuildPhase;
			buildActionMask = 2147483647;
			files = (
			);
			runOnlyForDeploymentPostprocessing = 0;
		};
/* End PBXResourcesBuildPhase section */

/* Begin PBXSourcesBuildPhase section */
		2801EC5B2041385300E68903 /* Sources */ = {
			isa = PBXSourcesBuildPhase;
			buildActionMask = 2147483647;
			files = (
				2801EC652041385300E68903 /* ViewController.swift in Sources */,
				2801EC632041385300E68903 /* AppDelegate.swift in Sources */,
				28D26744204240A900CFCBAE /* SearchViewController.swift in Sources */,
				28D26746204240B700CFCBAE /* ResultsViewController.swift in Sources */,
			);
			runOnlyForDeploymentPostprocessing = 0;
		};
		2801EC6F2041385300E68903 /* Sources */ = {
			isa = PBXSourcesBuildPhase;
			buildActionMask = 2147483647;
			files = (
				2801EC782041385300E68903 /* LegalEagleAITests.swift in Sources */,
			);
			runOnlyForDeploymentPostprocessing = 0;
		};
		2801EC7A2041385300E68903 /* Sources */ = {
			isa = PBXSourcesBuildPhase;
			buildActionMask = 2147483647;
			files = (
				2801EC832041385300E68903 /* LegalEagleAIUITests.swift in Sources */,
			);
			runOnlyForDeploymentPostprocessing = 0;
		};
/* End PBXSourcesBuildPhase section */

/* Begin PBXTargetDependency section */
		2801EC752041385300E68903 /* PBXTargetDependency */ = {
			isa = PBXTargetDependency;
			target = 2801EC5E2041385300E68903 /* LegalEagleAI */;
			targetProxy = 2801EC742041385300E68903 /* PBXContainerItemProxy */;
		};
		2801EC802041385300E68903 /* PBXTargetDependency */ = {
			isa = PBXTargetDependency;
			target = 2801EC5E2041385300E68903 /* LegalEagleAI */;
			targetProxy = 2801EC7F2041385300E68903 /* PBXContainerItemProxy */;
		};
/* End PBXTargetDependency section */

/* Begin PBXVariantGroup section */
		2801EC662041385300E68903 /* Main.storyboard */ = {
			isa = PBXVariantGroup;
			children = (
				2801EC672041385300E68903 /* Base */,
			);
			name = Main.storyboard;
			sourceTree = "<group>";
		};
		2801EC6B2041385300E68903 /* LaunchScreen.storyboard */ = {
			isa = PBXVariantGroup;
			children = (
				2801EC6C2041385300E68903 /* Base */,
			);
			name = LaunchScreen.storyboard;
			sourceTree = "<group>";
		};
/* End PBXVariantGroup section */

/* Begin XCBuildConfiguration section */
		2801EC852041385300E68903 /* Debug */ = {
			isa = XCBuildConfiguration;
			buildSettings = {
				ALWAYS_SEARCH_USER_PATHS = NO;
				CLANG_ANALYZER_NONNULL = YES;
				CLANG_ANALYZER_NUMBER_OBJECT_CONVERSION = YES_AGGRESSIVE;
				CLANG_CXX_LANGUAGE_STANDARD = "gnu++14";
				CLANG_CXX_LIBRARY = "libc++";
				CLANG_ENABLE_MODULES = YES;
				CLANG_ENABLE_OBJC_ARC = YES;
				CLANG_WARN_BLOCK_CAPTURE_AUTORELEASING = YES;
				CLANG_WARN_BOOL_CONVERSION = YES;
				CLANG_WARN_COMMA = YES;
				CLANG_WARN_CONSTANT_CONVERSION = YES;
				CLANG_WARN_DIRECT_OBJC_ISA_USAGE = YES_ERROR;
				CLANG_WARN_DOCUMENTATION_COMMENTS = YES;
				CLANG_WARN_EMPTY_BODY = YES;
				CLANG_WARN_ENUM_CONVERSION = YES;
				CLANG_WARN_INFINITE_RECURSION = YES;
				CLANG_WARN_INT_CONVERSION = YES;
				CLANG_WARN_NON_LITERAL_NULL_CONVERSION = YES;
				CLANG_WARN_OBJC_LITERAL_CONVERSION = YES;
				CLANG_WARN_OBJC_ROOT_CLASS = YES_ERROR;
				CLANG_WARN_RANGE_LOOP_ANALYSIS = YES;
				CLANG_WARN_STRICT_PROTOTYPES = YES;
				CLANG_WARN_SUSPICIOUS_MOVE = YES;
				CLANG_WARN_UNGUARDED_AVAILABILITY = YES_AGGRESSIVE;
				CLANG_WARN_UNREACHABLE_CODE = YES;
				CLANG_WARN__DUPLICATE_METHOD_MATCH = YES;
				CODE_SIGN_IDENTITY = "iPhone Developer";
				COPY_PHASE_STRIP = NO;
				DEBUG_INFORMATION_FORMAT = dwarf;
				ENABLE_STRICT_OBJC_MSGSEND = YES;
				ENABLE_TESTABILITY = YES;
				GCC_C_LANGUAGE_STANDARD = gnu11;
				GCC_DYNAMIC_NO_PIC = NO;
				GCC_NO_COMMON_BLOCKS = YES;
				GCC_OPTIMIZATION_LEVEL = 0;
				GCC_PREPROCESSOR_DEFINITIONS = (
					"DEBUG=1",
					"$(inherited)",
				);
				GCC_WARN_64_TO_32_BIT_CONVERSION = YES;
				GCC_WARN_ABOUT_RETURN_TYPE = YES_ERROR;
				GCC_WARN_UNDECLARED_SELECTOR = YES;
				GCC_WARN_UNINITIALIZED_AUTOS = YES_AGGRESSIVE;
				GCC_WARN_UNUSED_FUNCTION = YES;
				GCC_WARN_UNUSED_VARIABLE = YES;
				IPHONEOS_DEPLOYMENT_TARGET = 11.2;
				MTL_ENABLE_DEBUG_INFO = YES;
				ONLY_ACTIVE_ARCH = YES;
				SDKROOT = iphoneos;
				SWIFT_ACTIVE_COMPILATION_CONDITIONS = DEBUG;
				SWIFT_OPTIMIZATION_LEVEL = "-Onone";
			};
			name = Debug;
		};
		2801EC862041385300E68903 /* Release */ = {
			isa = XCBuildConfiguration;
			buildSettings = {
				ALWAYS_SEARCH_USER_PATHS = NO;
				CLANG_ANALYZER_NONNULL = YES;
				CLANG_ANALYZER_NUMBER_OBJECT_CONVERSION = YES_AGGRESSIVE;
				CLANG_CXX_LANGUAGE_STANDARD = "gnu++14";
				CLANG_CXX_LIBRARY = "libc++";
				CLANG_ENABLE_MODULES = YES;
				CLANG_ENABLE_OBJC_ARC = YES;
				CLANG_WARN_BLOCK_CAPTURE_AUTORELEASING = YES;
				CLANG_WARN_BOOL_CONVERSION = YES;
				CLANG_WARN_COMMA = YES;
				CLANG_WARN_CONSTANT_CONVERSION = YES;
				CLANG_WARN_DIRECT_OBJC_ISA_USAGE = YES_ERROR;
				CLANG_WARN_DOCUMENTATION_COMMENTS = YES;
				CLANG_WARN_EMPTY_BODY = YES;
				CLANG_WARN_ENUM_CONVERSION = YES;
				CLANG_WARN_INFINITE_RECURSION = YES;
				CLANG_WARN_INT_CONVERSION = YES;
				CLANG_WARN_NON_LITERAL_NULL_CONVERSION = YES;
				CLANG_WARN_OBJC_LITERAL_CONVERSION = YES;
				CLANG_WARN_OBJC_ROOT_CLASS = YES_ERROR;
				CLANG_WARN_RANGE_LOOP_ANALYSIS = YES;
				CLANG_WARN_STRICT_PROTOTYPES = YES;
				CLANG_WARN_SUSPICIOUS_MOVE = YES;
				CLANG_WARN_UNGUARDED_AVAILABILITY = YES_AGGRESSIVE;
				CLANG_WARN_UNREACHABLE_CODE = YES;
				CLANG_WARN__DUPLICATE_METHOD_MATCH = YES;
				CODE_SIGN_IDENTITY = "iPhone Developer";
				COPY_PHASE_STRIP = NO;
				DEBUG_INFORMATION_FORMAT = "dwarf-with-dsym";
				ENABLE_NS_ASSERTIONS = NO;
				ENABLE_STRICT_OBJC_MSGSEND = YES;
				GCC_C_LANGUAGE_STANDARD = gnu11;
				GCC_NO_COMMON_BLOCKS = YES;
				GCC_WARN_64_TO_32_BIT_CONVERSION = YES;
				GCC_WARN_ABOUT_RETURN_TYPE = YES_ERROR;
				GCC_WARN_UNDECLARED_SELECTOR = YES;
				GCC_WARN_UNINITIALIZED_AUTOS = YES_AGGRESSIVE;
				GCC_WARN_UNUSED_FUNCTION = YES;
				GCC_WARN_UNUSED_VARIABLE = YES;
				IPHONEOS_DEPLOYMENT_TARGET = 11.2;
				MTL_ENABLE_DEBUG_INFO = NO;
				SDKROOT = iphoneos;
				SWIFT_OPTIMIZATION_LEVEL = "-Owholemodule";
				VALIDATE_PRODUCT = YES;
			};
			name = Release;
		};
		2801EC882041385300E68903 /* Debug */ = {
			isa = XCBuildConfiguration;
			buildSettings = {
				ASSETCATALOG_COMPILER_APPICON_NAME = AppIcon;
				CODE_SIGN_STYLE = Automatic;
				DEVELOPMENT_TEAM = A7HRB93R5Z;
				INFOPLIST_FILE = LegalEagleAI/Info.plist;
				LD_RUNPATH_SEARCH_PATHS = "$(inherited) @executable_path/Frameworks";
				PRODUCT_BUNDLE_IDENTIFIER = legaleagleai.LegalEagleAI;
				PRODUCT_NAME = "$(TARGET_NAME)";
				SWIFT_VERSION = 4.0;
				TARGETED_DEVICE_FAMILY = "1,2";
			};
			name = Debug;
		};
		2801EC892041385300E68903 /* Release */ = {
			isa = XCBuildConfiguration;
			buildSettings = {
				ASSETCATALOG_COMPILER_APPICON_NAME = AppIcon;
				CODE_SIGN_STYLE = Automatic;
				DEVELOPMENT_TEAM = A7HRB93R5Z;
				INFOPLIST_FILE = LegalEagleAI/Info.plist;
				LD_RUNPATH_SEARCH_PATHS = "$(inherited) @executable_path/Frameworks";
				PRODUCT_BUNDLE_IDENTIFIER = legaleagleai.LegalEagleAI;
				PRODUCT_NAME = "$(TARGET_NAME)";
				SWIFT_VERSION = 4.0;
				TARGETED_DEVICE_FAMILY = "1,2";
			};
			name = Release;
		};
		2801EC8B2041385300E68903 /* Debug */ = {
			isa = XCBuildConfiguration;
			buildSettings = {
				ALWAYS_EMBED_SWIFT_STANDARD_LIBRARIES = YES;
				BUNDLE_LOADER = "$(TEST_HOST)";
				CODE_SIGN_STYLE = Automatic;
				DEVELOPMENT_TEAM = A7HRB93R5Z;
				INFOPLIST_FILE = LegalEagleAITests/Info.plist;
				LD_RUNPATH_SEARCH_PATHS = "$(inherited) @executable_path/Frameworks @loader_path/Frameworks";
				PRODUCT_BUNDLE_IDENTIFIER = legaleagleai.LegalEagleAITests;
				PRODUCT_NAME = "$(TARGET_NAME)";
				SWIFT_VERSION = 4.0;
				TARGETED_DEVICE_FAMILY = "1,2";
				TEST_HOST = "$(BUILT_PRODUCTS_DIR)/LegalEagleAI.app/LegalEagleAI";
			};
			name = Debug;
		};
		2801EC8C2041385300E68903 /* Release */ = {
			isa = XCBuildConfiguration;
			buildSettings = {
				ALWAYS_EMBED_SWIFT_STANDARD_LIBRARIES = YES;
				BUNDLE_LOADER = "$(TEST_HOST)";
				CODE_SIGN_STYLE = Automatic;
				DEVELOPMENT_TEAM = A7HRB93R5Z;
				INFOPLIST_FILE = LegalEagleAITests/Info.plist;
				LD_RUNPATH_SEARCH_PATHS = "$(inherited) @executable_path/Frameworks @loader_path/Frameworks";
				PRODUCT_BUNDLE_IDENTIFIER = legaleagleai.LegalEagleAITests;
				PRODUCT_NAME = "$(TARGET_NAME)";
				SWIFT_VERSION = 4.0;
				TARGETED_DEVICE_FAMILY = "1,2";
				TEST_HOST = "$(BUILT_PRODUCTS_DIR)/LegalEagleAI.app/LegalEagleAI";
			};
			name = Release;
		};
		2801EC8E2041385300E68903 /* Debug */ = {
			isa = XCBuildConfiguration;
			buildSettings = {
				ALWAYS_EMBED_SWIFT_STANDARD_LIBRARIES = YES;
				CODE_SIGN_STYLE = Automatic;
				DEVELOPMENT_TEAM = A7HRB93R5Z;
				INFOPLIST_FILE = LegalEagleAIUITests/Info.plist;
				LD_RUNPATH_SEARCH_PATHS = "$(inherited) @executable_path/Frameworks @loader_path/Frameworks";
				PRODUCT_BUNDLE_IDENTIFIER = legaleagleai.LegalEagleAIUITests;
				PRODUCT_NAME = "$(TARGET_NAME)";
				SWIFT_VERSION = 4.0;
				TARGETED_DEVICE_FAMILY = "1,2";
				TEST_TARGET_NAME = LegalEagleAI;
			};
			name = Debug;
		};
		2801EC8F2041385300E68903 /* Release */ = {
			isa = XCBuildConfiguration;
			buildSettings = {
				ALWAYS_EMBED_SWIFT_STANDARD_LIBRARIES = YES;
				CODE_SIGN_STYLE = Automatic;
				DEVELOPMENT_TEAM = A7HRB93R5Z;
				INFOPLIST_FILE = LegalEagleAIUITests/Info.plist;
				LD_RUNPATH_SEARCH_PATHS = "$(inherited) @executable_path/Frameworks @loader_path/Frameworks";
				PRODUCT_BUNDLE_IDENTIFIER = legaleagleai.LegalEagleAIUITests;
				PRODUCT_NAME = "$(TARGET_NAME)";
				SWIFT_VERSION = 4.0;
				TARGETED_DEVICE_FAMILY = "1,2";
				TEST_TARGET_NAME = LegalEagleAI;
			};
			name = Release;
		};
/* End XCBuildConfiguration section */

/* Begin XCConfigurationList section */
		2801EC5A2041385300E68903 /* Build configuration list for PBXProject "LegalEagleAI" */ = {
			isa = XCConfigurationList;
			buildConfigurations = (
				2801EC852041385300E68903 /* Debug */,
				2801EC862041385300E68903 /* Release */,
			);
			defaultConfigurationIsVisible = 0;
			defaultConfigurationName = Release;
		};
		2801EC872041385300E68903 /* Build configuration list for PBXNativeTarget "LegalEagleAI" */ = {
			isa = XCConfigurationList;
			buildConfigurations = (
				2801EC882041385300E68903 /* Debug */,
				2801EC892041385300E68903 /* Release */,
			);
			defaultConfigurationIsVisible = 0;
			defaultConfigurationName = Release;
		};
		2801EC8A2041385300E68903 /* Build configuration list for PBXNativeTarget "LegalEagleAITests" */ = {
			isa = XCConfigurationList;
			buildConfigurations = (
				2801EC8B2041385300E68903 /* Debug */,
				2801EC8C2041385300E68903 /* Release */,
			);
			defaultConfigurationIsVisible = 0;
			defaultConfigurationName = Release;
		};
		2801EC8D2041385300E68903 /* Build configuration list for PBXNativeTarget "LegalEagleAIUITests" */ = {
			isa = XCConfigurationList;
			buildConfigurations = (
				2801EC8E2041385300E68903 /* Debug */,
				2801EC8F2041385300E68903 /* Release */,
			);
			defaultConfigurationIsVisible = 0;
			defaultConfigurationName = Release;
		};
/* End XCConfigurationList section */
	};
	rootObject = 2801EC572041385300E68903 /* Project object */;
}
